
Microsoft Visual Studio Solution File, Format Version 12.00
Project("{FAE04EC0-301F-11D3-BF4B-00C04F79EFBC}") = "BlurgText", "BlurgText\BlurgText.csproj", "{EB830438-9F41-4E00-AA23-FC0BFCAB3C21}"
EndProject
Project("{FAE04EC0-301F-11D3-BF4B-00C04F79EFBC}") = "BlurgSample", "BlurgSample\BlurgSample.csproj", "{52582E3B-1EE2-458D-A3B5-83F6BEA0760E}"
EndProject
Project("{2150E333-8FDC-42A3-9474-1A3956D46DE8}") = "Natives", "Natives", "{AD37CF37-05D7-4FE4-AEDE-33796FAE9E00}"
EndProject
Project("{FAE04EC0-301F-11D3-BF4B-00C04F79EFBC}") = "BlurgText.Native.win-x86", "BlurgText.Native.win-x86\BlurgText.Native.win-x86.csproj", "{F0BA7894-84B1-45B5-AA6B-8CE986F88459}"
EndProject
Project("{FAE04EC0-301F-11D3-BF4B-00C04F79EFBC}") = "BlurgText.Native.win-x64", "BlurgText.Native.win-x64\BlurgText.Native.win-x64.csproj", "{7BBD0304-D21F-4B81-AA83-6A1AF6E5316E}"
EndProject
Project("{FAE04EC0-301F-11D3-BF4B-00C04F79EFBC}") = "BlurgText.Native.linux-x64", "BlurgText.Native.linux-x64\BlurgText.Native.linux-x64.csproj", "{111202D8-AC59-4D81-AB5A-09332E5BC68F}"
EndProject
Project("{FAE04EC0-301F-11D3-BF4B-00C04F79EFBC}") = "BlurgText.Native.osx-x64", "BlurgText.Native.osx-x64\BlurgText.Native.osx-x64.csproj", "{580456B9-596B-47EA-83C6-13BEBA07594F}"
EndProject
Project("{FAE04EC0-301F-11D3-BF4B-00C04F79EFBC}") = "BlurgText.Native.osx-arm64", "BlurgText.Native.osx-arm64\BlurgText.Native.osx-arm64.csproj", "{8C875150-B4BB-44A4-81C0-9F3102652839}"
EndProject
Global
	GlobalSection(SolutionConfigurationPlatforms) = preSolution
		Debug|Any CPU = Debug|Any CPU
		Debug|x64 = Debug|x64
		Debug|x86 = Debug|x86
		Release|Any CPU = Release|Any CPU
		Release|x64 = Release|x64
		Release|x86 = Release|x86
	EndGlobalSection
	GlobalSection(ProjectConfigurationPlatforms) = postSolution
		{EB830438-9F41-4E00-AA23-FC0BFCAB3C21}.Debug|Any CPU.ActiveCfg = Debug|Any CPU
		{EB830438-9F41-4E00-AA23-FC0BFCAB3C21}.Debug|Any CPU.Build.0 = Debug|Any CPU
		{EB830438-9F41-4E00-AA23-FC0BFCAB3C21}.Debug|x64.ActiveCfg = Debug|Any CPU
		{EB830438-9F41-4E00-AA23-FC0BFCAB3C21}.Debug|x64.Build.0 = Debug|Any CPU
		{EB830438-9F41-4E00-AA23-FC0BFCAB3C21}.Debug|x86.ActiveCfg = Debug|Any CPU
		{EB830438-9F41-4E00-AA23-FC0BFCAB3C21}.Debug|x86.Build.0 = Debug|Any CPU
		{EB830438-9F41-4E00-AA23-FC0BFCAB3C21}.Release|Any CPU.ActiveCfg = Release|Any CPU
		{EB830438-9F41-4E00-AA23-FC0BFCAB3C21}.Release|Any CPU.Build.0 = Release|Any CPU
		{EB830438-9F41-4E00-AA23-FC0BFCAB3C21}.Release|x64.ActiveCfg = Release|Any CPU
		{EB830438-9F41-4E00-AA23-FC0BFCAB3C21}.Release|x64.Build.0 = Release|Any CPU
		{EB830438-9F41-4E00-AA23-FC0BFCAB3C21}.Release|x86.ActiveCfg = Release|Any CPU
		{EB830438-9F41-4E00-AA23-FC0BFCAB3C21}.Release|x86.Build.0 = Release|Any CPU
		{52582E3B-1EE2-458D-A3B5-83F6BEA0760E}.Debug|Any CPU.ActiveCfg = Debug|Any CPU
		{52582E3B-1EE2-458D-A3B5-83F6BEA0760E}.Debug|Any CPU.Build.0 = Debug|Any CPU
		{52582E3B-1EE2-458D-A3B5-83F6BEA0760E}.Debug|x64.ActiveCfg = Debug|Any CPU
		{52582E3B-1EE2-458D-A3B5-83F6BEA0760E}.Debug|x64.Build.0 = Debug|Any CPU
		{52582E3B-1EE2-458D-A3B5-83F6BEA0760E}.Debug|x86.ActiveCfg = Debug|Any CPU
		{52582E3B-1EE2-458D-A3B5-83F6BEA0760E}.Debug|x86.Build.0 = Debug|Any CPU
		{52582E3B-1EE2-458D-A3B5-83F6BEA0760E}.Release|Any CPU.ActiveCfg = Release|Any CPU
		{52582E3B-1EE2-458D-A3B5-83F6BEA0760E}.Release|Any CPU.Build.0 = Release|Any CPU
		{F0BA7894-84B1-45B5-AA6B-8CE986F88459}.Debug|Any CPU.ActiveCfg = Debug|Any CPU
		{F0BA7894-84B1-45B5-AA6B-8CE986F88459}.Debug|Any CPU.Build.0 = Debug|Any CPU
		{F0BA7894-84B1-45B5-AA6B-8CE986F88459}.Release|Any CPU.ActiveCfg = Release|Any CPU
		{F0BA7894-84B1-45B5-AA6B-8CE986F88459}.Release|Any CPU.Build.0 = Release|Any CPU
		{7BBD0304-D21F-4B81-AA83-6A1AF6E5316E}.Debug|Any CPU.ActiveCfg = Debug|Any CPU
		{7BBD0304-D21F-4B81-AA83-6A1AF6E5316E}.Debug|Any CPU.Build.0 = Debug|Any CPU
		{7BBD0304-D21F-4B81-AA83-6A1AF6E5316E}.Release|Any CPU.ActiveCfg = Release|Any CPU
		{7BBD0304-D21F-4B81-AA83-6A1AF6E5316E}.Release|Any CPU.Build.0 = Release|Any CPU
		{111202D8-AC59-4D81-AB5A-09332E5BC68F}.Debug|Any CPU.ActiveCfg = Debug|Any CPU
		{111202D8-AC59-4D81-AB5A-09332E5BC68F}.Debug|Any CPU.Build.0 = Debug|Any CPU
		{111202D8-AC59-4D81-AB5A-09332E5BC68F}.Release|Any CPU.ActiveCfg = Release|Any CPU
		{111202D8-AC59-4D81-AB5A-09332E5BC68F}.Release|Any CPU.Build.0 = Release|Any CPU
		{580456B9-596B-47EA-83C6-13BEBA07594F}.Debug|Any CPU.ActiveCfg = Debug|Any CPU
		{580456B9-596B-47EA-83C6-13BEBA07594F}.Debug|Any CPU.Build.0 = Debug|Any CPU
		{580456B9-596B-47EA-83C6-13BEBA07594F}.Debug|x64.ActiveCfg = Debug|Any CPU
		{580456B9-596B-47EA-83C6-13BEBA07594F}.Debug|x64.Build.0 = Debug|Any CPU
		{580456B9-596B-47EA-83C6-13BEBA07594F}.Debug|x86.ActiveCfg = Debug|Any CPU
		{580456B9-596B-47EA-83C6-13BEBA07594F}.Debug|x86.Build.0 = Debug|Any CPU
		{580456B9-596B-47EA-83C6-13BEBA07594F}.Release|Any CPU.ActiveCfg = Release|Any CPU
		{580456B9-596B-47EA-83C6-13BEBA07594F}.Release|Any CPU.Build.0 = Release|Any CPU
		{580456B9-596B-47EA-83C6-13BEBA07594F}.Release|x64.ActiveCfg = Release|Any CPU
		{580456B9-596B-47EA-83C6-13BEBA07594F}.Release|x64.Build.0 = Release|Any CPU
		{580456B9-596B-47EA-83C6-13BEBA07594F}.Release|x86.ActiveCfg = Release|Any CPU
		{580456B9-596B-47EA-83C6-13BEBA07594F}.Release|x86.Build.0 = Release|Any CPU
		{8C875150-B4BB-44A4-81C0-9F3102652839}.Debug|Any CPU.ActiveCfg = Debug|Any CPU
		{8C875150-B4BB-44A4-81C0-9F3102652839}.Debug|Any CPU.Build.0 = Debug|Any CPU
		{8C875150-B4BB-44A4-81C0-9F3102652839}.Debug|x64.ActiveCfg = Debug|Any CPU
		{8C875150-B4BB-44A4-81C0-9F3102652839}.Debug|x64.Build.0 = Debug|Any CPU
		{8C875150-B4BB-44A4-81C0-9F3102652839}.Debug|x86.ActiveCfg = Debug|Any CPU
		{8C875150-B4BB-44A4-81C0-9F3102652839}.Debug|x86.Build.0 = Debug|Any CPU
		{8C875150-B4BB-44A4-81C0-9F3102652839}.Release|Any CPU.ActiveCfg = Release|Any CPU
		{8C875150-B4BB-44A4-81C0-9F3102652839}.Release|Any CPU.Build.0 = Release|Any CPU
		{8C875150-B4BB-44A4-81C0-9F3102652839}.Release|x64.ActiveCfg = Release|Any CPU
		{8C875150-B4BB-44A4-81C0-9F3102652839}.Release|x64.Build.0 = Release|Any CPU
		{8C875150-B4BB-44A4-81C0-9F3102652839}.Release|x86.ActiveCfg = Release|Any CPU
		{8C875150-B4BB-44A4-81C0-9F3102652839}.Release|x86.Build.0 = Release|Any CPU
	EndGlobalSection
	GlobalSection(SolutionProperties) = preSolution
		HideSolutionNode = FALSE
	EndGlobalSection
	GlobalSection(NestedProjects) = preSolution
		{F0BA7894-84B1-45B5-AA6B-8CE986F88459} = {AD37CF37-05D7-4FE4-AEDE-33796FAE9E00}
		{7BBD0304-D21F-4B81-AA83-6A1AF6E5316E} = {AD37CF37-05D7-4FE4-AEDE-33796FAE9E00}
		{111202D8-AC59-4D81-AB5A-09332E5BC68F} = {AD37CF37-05D7-4FE4-AEDE-33796FAE9E00}
		{580456B9-596B-47EA-83C6-13BEBA07594F} = {AD37CF37-05D7-4FE4-AEDE-33796FAE9E00}
		{8C875150-B4BB-44A4-81C0-9F3102652839} = {AD37CF37-05D7-4FE4-AEDE-33796FAE9E00}
	EndGlobalSection
EndGlobal
